{
    __meta__ = {
        version = "1.0"
    },
    ["windows|x64"] = {
        ["cmake#f56260b5"] = {
            repo = {
                branch = "master",
                commit = "d900c309b101f95e7ca8254eadafee40bd43ad73",
                url = "https://github.com/xmake-io/xmake-repo.git"
            },
            version = "4.3.4"
        },
        ["ninja#f56260b5"] = {
            repo = {
                branch = "master",
                commit = "d900c309b101f95e7ca8254eadafee40bd43ad73",
                url = "https://github.com/xmake-io/xmake-repo.git"
            },
            version = "v1.13.2"
        },
        ["nlohmann_json#f56260b5"] = {
            repo = {
                branch = "master",
                commit = "d900c309b101f95e7ca8254eadafee40bd43ad73",
                url = "https://github.com/xmake-io/xmake-repo.git"
            },
            version = "v3.12.0"
        },
        ["spdlog v1.16.0#09c8c173"] = {
            repo = {
                branch = "master",
                commit = "d900c309b101f95e7ca8254eadafee40bd43ad73",
                url = "https://github.com/xmake-io/xmake-repo.git"
            },
            version = "v1.16.0"
        },
        ["stb#f56260b5"] = {
            repo = {
                branch = "master",
                commit = "d900c309b101f95e7ca8254eadafee40bd43ad73",
                url = "https://github.com/xmake-io/xmake-repo.git"
            },
            version = "2026.03.18"
        },
        ["toml11 v4.4.0#f56260b5"] = {
            repo = {
                branch = "master",
                commit = "d900c309b101f95e7ca8254eadafee40bd43ad73",
                url = "https://github.com/xmake-io/xmake-repo.git"
            },
            version = "v4.4.0"
        }
    }
}